// !$*UTF8*$!
{
	archiveVersion = 1;
	classes = {
	};
	objectVersion = 50;
	objects = {

/* Begin PBXBuildFile section */
		1B4FB87E21217CFF00CA8306 /* AppDelegate.m in Sources */ = {isa = PBXBuildFile; fileRef = 1B4FB87D21217CFF00CA8306 /* AppDelegate.m */; };
		1B4FB88121217CFF00CA8306 /* ViewController.m in Sources */ = {isa = PBXBuildFile; fileRef = 1B4FB88021217CFF00CA8306 /* ViewController.m */; };
		1B4FB88421217CFF00CA8306 /* Main.storyboard in Resources */ = {isa = PBXBuildFile; fileRef = 1B4FB88221217CFF00CA8306 /* Main.storyboard */; };
		1B4FB88621217D0500CA8306 /* Assets.xcassets in Resources */ = {isa = PBXBuildFile; fileRef = 1B4FB88521217D0500CA8306 /* Assets.xcassets */; };
		1B4FB88921217D0500CA8306 /* LaunchScreen.storyboard in Resources */ = {isa = PBXBuildFile; fileRef = 1B4FB88721217D0500CA8306 /* LaunchScreen.storyboard */; };
		1B4FB88C21217D0500CA8306 /* main.m in Sources */ = {isa = PBXBuildFile; fileRef = 1B4FB88B21217D0500CA8306 /* main.m */; };
		1B4FB8982121A44600CA8306 /* SevenWeatherTableViewCell.m in Sources */ = {isa = PBXBuildFile; fileRef = 1B4FB8972121A44600CA8306 /* SevenWeatherTableViewCell.m */; };
		1B4FB89B2121A9A000CA8306 /* HeadViewTableViewCell.m in Sources */ = {isa = PBXBuildFile; fileRef = 1B4FB89A2121A9A000CA8306 /* HeadViewTableViewCell.m */; };
		1B4FB89E2121B11A00CA8306 /* FootTableViewCell.m in Sources */ = {isa = PBXBuildFile; fileRef = 1B4FB89D2121B11A00CA8306 /* FootTableViewCell.m */; };
		1BBBB52E2124011E000F567A /* 1.png in Resources */ = {isa = PBXBuildFile; fileRef = 1BBBB4E22124011E000F567A /* 1.png */; };
		1BBBB52F2124011E000F567A /* 100.png in Resources */ = {isa = PBXBuildFile; fileRef = 1BBBB4E32124011E000F567A /* 100.png */; };
		1BBBB5302124011E000F567A /* 100n.png in Resources */ = {isa = PBXBuildFile; fileRef = 1BBBB4E42124011E000F567A /* 100n.png */; };
		1BBBB5312124011E000F567A /* 101.png in Resources */ = {isa = PBXBuildFile; fileRef = 1BBBB4E52124011E000F567A /* 101.png */; };
		1BBBB5322124011E000F567A /* 102.png in Resources */ = {isa = PBXBuildFile; fileRef = 1BBBB4E62124011E000F567A /* 102.png */; };
		1BBBB5332124011E000F567A /* 103.png in Resources */ = {isa = PBXBuildFile; fileRef = 1BBBB4E72124011E000F567A /* 103.png */; };
		1BBBB5342124011E000F567A /* 103n.png in Resources */ = {isa = PBXBuildFile; fileRef = 1BBBB4E82124011E000F567A /* 103n.png */; };
		1BBBB5352124011E000F567A /* 104.png in Resources */ = {isa = PBXBuildFile; fileRef = 1BBBB4E92124011E000F567A /* 104.png */; };
		1BBBB5362124011E000F567A /* 104n.png in Resources */ = {isa = PBXBuildFile; fileRef = 1BBBB4EA2124011E000F567A /* 104n.png */; };
		1BBBB5372124011E000F567A /* 200.png in Resources */ = {isa = PBXBuildFile; fileRef = 1BBBB4EB2124011E000F567A /* 200.png */; };
		1BBBB5382124011E000F567A /* 201.png in Resources */ = {isa = PBXBuildFile; fileRef = 1BBBB4EC2124011E000F567A /* 201.png */; };
		1BBBB5392124011E000F567A /* 202.png in Resources */ = {isa = PBXBuildFile; fileRef = 1BBBB4ED2124011E000F567A /* 202.png */; };
		1BBBB53A2124011E000F567A /* 203.png in Resources */ = {isa = PBXBuildFile; fileRef = 1BBBB4EE2124011E000F567A /* 203.png */; };
		1BBBB53B2124011E000F567A /* 204.png in Resources */ = {isa = PBXBuildFile; fileRef = 1BBBB4EF2124011E000F567A /* 204.png */; };
		1BBBB53C2124011E000F567A /* 205.png in Resources */ = {isa = PBXBuildFile; fileRef = 1BBBB4F02124011E000F567A /* 205.png */; };
		1BBBB53D2124011E000F567A /* 206.png in Resources */ = {isa = PBXBuildFile; fileRef = 1BBBB4F12124011E000F567A /* 206.png */; };
		1BBBB53E2124011E000F567A /* 207.png in Resources */ = {isa = PBXBuildFile; fileRef = 1BBBB4F22124011E000F567A /* 207.png */; };
		1BBBB53F2124011E000F567A /* 208.png in Resources */ = {isa = PBXBuildFile; fileRef = 1BBBB4F32124011E000F567A /* 208.png */; };
		1BBBB5402124011E000F567A /* 209.png in Resources */ = {isa = PBXBuildFile; fileRef = 1BBBB4F42124011E000F567A /* 209.png */; };
		1BBBB5412124011E000F567A /* 210.png in Resources */ = {isa = PBXBuildFile; fileRef = 1BBBB4F52124011E000F567A /* 210.png */; };
		1BBBB5422124011E000F567A /* 211.png in Resources */ = {isa = PBXBuildFile; fileRef = 1BBBB4F62124011E000F567A /* 211.png */; };
		1BBBB5432124011E000F567A /* 212.png in Resources */ = {isa = PBXBuildFile; fileRef = 1BBBB4F72124011E000F567A /* 212.png */; };
		1BBBB5442124011E000F567A /* 213.png in Resources */ = {isa = PBXBuildFile; fileRef = 1BBBB4F82124011E000F567A /* 213.png */; };
		1BBBB5452124011E000F567A /* 300.png in Resources */ = {isa = PBXBuildFile; fileRef = 1BBBB4F92124011E000F567A /* 300.png */; };
		1BBBB5462124011E000F567A /* 300n.png in Resources */ = {isa = PBXBuildFile; fileRef = 1BBBB4FA2124011E000F567A /* 300n.png */; };
		1BBBB5472124011E000F567A /* 301.png in Resources */ = {isa = PBXBuildFile; fileRef = 1BBBB4FB2124011E000F567A /* 301.png */; };
		1BBBB5482124011E000F567A /* 301n.png in Resources */ = {isa = PBXBuildFile; fileRef = 1BBBB4FC2124011E000F567A /* 301n.png */; };
		1BBBB5492124011E000F567A /* 302.png in Resources */ = {isa = PBXBuildFile; fileRef = 1BBBB4FD2124011E000F567A /* 302.png */; };
		1BBBB54A2124011E000F567A /* 303.png in Resources */ = {isa = PBXBuildFile; fileRef = 1BBBB4FE2124011E000F567A /* 303.png */; };
		1BBBB54B2124011E000F567A /* 304.png in Resources */ = {isa = PBXBuildFile; fileRef = 1BBBB4FF2124011E000F567A /* 304.png */; };
		1BBBB54C2124011E000F567A /* 305.png in Resources */ = {isa = PBXBuildFile; fileRef = 1BBBB5002124011E000F567A /* 305.png */; };
		1BBBB54D2124011E000F567A /* 306.png in Resources */ = {isa = PBXBuildFile; fileRef = 1BBBB5012124011E000F567A /* 306.png */; };
		1BBBB54E2124011E000F567A /* 307.png in Resources */ = {isa = PBXBuildFile; fileRef = 1BBBB5022124011E000F567A /* 307.png */; };
		1BBBB54F2124011E000F567A /* 309.png in Resources */ = {isa = PBXBuildFile; fileRef = 1BBBB5032124011E000F567A /* 309.png */; };
		1BBBB5502124011E000F567A /* 310.png in Resources */ = {isa = PBXBuildFile; fileRef = 1BBBB5042124011E000F567A /* 310.png */; };
		1BBBB5512124011E000F567A /* 311.png in Resources */ = {isa = PBXBuildFile; fileRef = 1BBBB5052124011E000F567A /* 311.png */; };
		1BBBB5522124011E000F567A /* 312.png in Resources */ = {isa = PBXBuildFile; fileRef = 1BBBB5062124011E000F567A /* 312.png */; };
		1BBBB5532124011E000F567A /* 313.png in Resources */ = {isa = PBXBuildFile; fileRef = 1BBBB5072124011E000F567A /* 313.png */; };
		1BBBB5542124011E000F567A /* 314.png in Resources */ = {isa = PBXBuildFile; fileRef = 1BBBB5082124011E000F567A /* 314.png */; };
		1BBBB5552124011E000F567A /* 315.png in Resources */ = {isa = PBXBuildFile; fileRef = 1BBBB5092124011E000F567A /* 315.png */; };
		1BBBB5562124011E000F567A /* 316.png in Resources */ = {isa = PBXBuildFile; fileRef = 1BBBB50A2124011E000F567A /* 316.png */; };
		1BBBB5572124011E000F567A /* 317.png in Resources */ = {isa = PBXBuildFile; fileRef = 1BBBB50B2124011E000F567A /* 317.png */; };
		1BBBB5582124011E000F567A /* 318.png in Resources */ = {isa = PBXBuildFile; fileRef = 1BBBB50C2124011E000F567A /* 318.png */; };
		1BBBB5592124011E000F567A /* 399.png in Resources */ = {isa = PBXBuildFile; fileRef = 1BBBB50D2124011E000F567A /* 399.png */; };
		1BBBB55A2124011E000F567A /* 400.png in Resources */ = {isa = PBXBuildFile; fileRef = 1BBBB50E2124011E000F567A /* 400.png */; };
		1BBBB55B2124011E000F567A /* 401.png in Resources */ = {isa = PBXBuildFile; fileRef = 1BBBB50F2124011E000F567A /* 401.png */; };
		1BBBB55C2124011E000F567A /* 402.png in Resources */ = {isa = PBXBuildFile; fileRef = 1BBBB5102124011E000F567A /* 402.png */; };
		1BBBB55D2124011E000F567A /* 403.png in Resources */ = {isa = PBXBuildFile; fileRef = 1BBBB5112124011E000F567A /* 403.png */; };
		1BBBB55E2124011E000F567A /* 404.png in Resources */ = {isa = PBXBuildFile; fileRef = 1BBBB5122124011E000F567A /* 404.png */; };
		1BBBB55F2124011E000F567A /* 405.png in Resources */ = {isa = PBXBuildFile; fileRef = 1BBBB5132124011E000F567A /* 405.png */; };
		1BBBB5602124011E000F567A /* 406.png in Resources */ = {isa = PBXBuildFile; fileRef = 1BBBB5142124011E000F567A /* 406.png */; };
		1BBBB5612124011E000F567A /* 406n.png in Resources */ = {isa = PBXBuildFile; fileRef = 1BBBB5152124011E000F567A /* 406n.png */; };
		1BBBB5622124011E000F567A /* 407.png in Resources */ = {isa = PBXBuildFile; fileRef = 1BBBB5162124011E000F567A /* 407.png */; };
		1BBBB5632124011E000F567A /* 407n.png in Resources */ = {isa = PBXBuildFile; fileRef = 1BBBB5172124011E000F567A /* 407n.png */; };
		1BBBB5642124011E000F567A /* 408.png in Resources */ = {isa = PBXBuildFile; fileRef = 1BBBB5182124011E000F567A /* 408.png */; };
		1BBBB5652124011E000F567A /* 409.png in Resources */ = {isa = PBXBuildFile; fileRef = 1BBBB5192124011E000F567A /* 409.png */; };
		1BBBB5662124011E000F567A /* 410.png in Resources */ = {isa = PBXBuildFile; fileRef = 1BBBB51A2124011E000F567A /* 410.png */; };
		1BBBB5672124011E000F567A /* 499.png in Resources */ = {isa = PBXBuildFile; fileRef = 1BBBB51B2124011E000F567A /* 499.png */; };
		1BBBB5682124011E000F567A /* 500.png in Resources */ = {isa = PBXBuildFile; fileRef = 1BBBB51C2124011E000F567A /* 500.png */; };
		1BBBB5692124011E000F567A /* 501.png in Resources */ = {isa = PBXBuildFile; fileRef = 1BBBB51D2124011E000F567A /* 501.png */; };
		1BBBB56A2124011E000F567A /* 502.png in Resources */ = {isa = PBXBuildFile; fileRef = 1BBBB51E2124011E000F567A /* 502.png */; };
		1BBBB56B2124011E000F567A /* 503.png in Resources */ = {isa = PBXBuildFile; fileRef = 1BBBB51F2124011E000F567A /* 503.png */; };
		1BBBB56C2124011E000F567A /* 504.png in Resources */ = {isa = PBXBuildFile; fileRef = 1BBBB5202124011E000F567A /* 504.png */; };
		1BBBB56D2124011E000F567A /* 507.png in Resources */ = {isa = PBXBuildFile; fileRef = 1BBBB5212124011E000F567A /* 507.png */; };
		1BBBB56E2124011E000F567A /* 508.png in Resources */ = {isa = PBXBuildFile; fileRef = 1BBBB5222124011E000F567A /* 508.png */; };
		1BBBB56F2124011E000F567A /* 509.png in Resources */ = {isa = PBXBuildFile; fileRef = 1BBBB5232124011E000F567A /* 509.png */; };
		1BBBB5702124011E000F567A /* 510.png in Resources */ = {isa = PBXBuildFile; fileRef = 1BBBB5242124011E000F567A /* 510.png */; };
		1BBBB5712124011E000F567A /* 511.png in Resources */ = {isa = PBXBuildFile; fileRef = 1BBBB5252124011E000F567A /* 511.png */; };
		1BBBB5722124011E000F567A /* 512.png in Resources */ = {isa = PBXBuildFile; fileRef = 1BBBB5262124011E000F567A /* 512.png */; };
		1BBBB5732124011E000F567A /* 513.png in Resources */ = {isa = PBXBuildFile; fileRef = 1BBBB5272124011E000F567A /* 513.png */; };
		1BBBB5742124011E000F567A /* 514.png in Resources */ = {isa = PBXBuildFile; fileRef = 1BBBB5282124011E000F567A /* 514.png */; };
		1BBBB5752124011E000F567A /* 515.png in Resources */ = {isa = PBXBuildFile; fileRef = 1BBBB5292124011E000F567A /* 515.png */; };
		1BBBB5762124011E000F567A /* 900.png in Resources */ = {isa = PBXBuildFile; fileRef = 1BBBB52A2124011E000F567A /* 900.png */; };
		1BBBB5772124011E000F567A /* 901.png in Resources */ = {isa = PBXBuildFile; fileRef = 1BBBB52B2124011E000F567A /* 901.png */; };
		1BBBB5782124011E000F567A /* 999.png in Resources */ = {isa = PBXBuildFile; fileRef = 1BBBB52C2124011E000F567A /* 999.png */; };
		1BBBB5792124011E000F567A /* 按钮.png in Resources */ = {isa = PBXBuildFile; fileRef = 1BBBB52D2124011E000F567A /* 按钮.png */; };
		1BDCEB422122F03B00589468 /* SearchViewController.m in Sources */ = {isa = PBXBuildFile; fileRef = 1BDCEB412122F03B00589468 /* SearchViewController.m */; };
		1BDCEB452122F04600589468 /* SearchTableViewCell.m in Sources */ = {isa = PBXBuildFile; fileRef = 1BDCEB442122F04600589468 /* SearchTableViewCell.m */; };
		1BDCEB492122F06B00589468 /* FindViewController.m in Sources */ = {isa = PBXBuildFile; fileRef = 1BDCEB482122F06B00589468 /* FindViewController.m */; };
		1BDCEB562122F67000589468 /* WeatherView.m in Sources */ = {isa = PBXBuildFile; fileRef = 1BDCEB552122F67000589468 /* WeatherView.m */; };
/* End PBXBuildFile section */

/* Begin PBXFileReference section */
		1B4FB87921217CFF00CA8306 /* weather.app */ = {isa = PBXFileReference; explicitFileType = wrapper.application; includeInIndex = 0; path = weather.app; sourceTree = BUILT_PRODUCTS_DIR; };
		1B4FB87C21217CFF00CA8306 /* AppDelegate.h */ = {isa = PBXFileReference; lastKnownFileType = sourcecode.c.h; path = AppDelegate.h; sourceTree = "<group>"; };
		1B4FB87D21217CFF00CA8306 /* AppDelegate.m */ = {isa = PBXFileReference; lastKnownFileType = sourcecode.c.objc; path = AppDelegate.m; sourceTree = "<group>"; };
		1B4FB87F21217CFF00CA8306 /* ViewController.h */ = {isa = PBXFileReference; lastKnownFileType = sourcecode.c.h; path = ViewController.h; sourceTree = "<group>"; };
		1B4FB88021217CFF00CA8306 /* ViewController.m */ = {isa = PBXFileReference; lastKnownFileType = sourcecode.c.objc; path = ViewController.m; sourceTree = "<group>"; };
		1B4FB88321217CFF00CA8306 /* Base */ = {isa = PBXFileReference; lastKnownFileType = file.storyboard; name = Base; path = Base.lproj/Main.storyboard; sourceTree = "<group>"; };
		1B4FB88521217D0500CA8306 /* Assets.xcassets */ = {isa = PBXFileReference; lastKnownFileType = folder.assetcatalog; path = Assets.xcassets; sourceTree = "<group>"; };
		1B4FB88821217D0500CA8306 /* Base */ = {isa = PBXFileReference; lastKnownFileType = file.storyboard; name = Base; path = Base.lproj/LaunchScreen.storyboard; sourceTree = "<group>"; };
		1B4FB88A21217D0500CA8306 /* Info.plist */ = {isa = PBXFileReference; lastKnownFileType = text.plist.xml; path = Info.plist; sourceTree = "<group>"; };
		1B4FB88B21217D0500CA8306 /* main.m */ = {isa = PBXFileReference; lastKnownFileType = sourcecode.c.objc; path = main.m; sourceTree = "<group>"; };
		1B4FB8962121A44600CA8306 /* SevenWeatherTableViewCell.h */ = {isa = PBXFileReference; lastKnownFileType = sourcecode.c.h; path = SevenWeatherTableViewCell.h; sourceTree = "<group>"; };
		1B4FB8972121A44600CA8306 /* SevenWeatherTableViewCell.m */ = {isa = PBXFileReference; lastKnownFileType = sourcecode.c.objc; path = SevenWeatherTableViewCell.m; sourceTree = "<group>"; };
		1B4FB8992121A9A000CA8306 /* HeadViewTableViewCell.h */ = {isa = PBXFileReference; lastKnownFileType = sourcecode.c.h; path = HeadViewTableViewCell.h; sourceTree = "<group>"; };
		1B4FB89A2121A9A000CA8306 /* HeadViewTableViewCell.m */ = {isa = PBXFileReference; lastKnownFileType = sourcecode.c.objc; path = HeadViewTableViewCell.m; sourceTree = "<group>"; };
		1B4FB89C2121B11A00CA8306 /* FootTableViewCell.h */ = {isa = PBXFileReference; lastKnownFileType = sourcecode.c.h; path = FootTableViewCell.h; sourceTree = "<group>"; };
		1B4FB89D2121B11A00CA8306 /* FootTableViewCell.m */ = {isa = PBXFileReference; lastKnownFileType = sourcecode.c.objc; path = FootTableViewCell.m; sourceTree = "<group>"; };
		1BBBB4E22124011E000F567A /* 1.png */ = {isa = PBXFileReference; lastKnownFileType = image.png; path = 1.png; sourceTree = "<group>"; };
		1BBBB4E32124011E000F567A /* 100.png */ = {isa = PBXFileReference; lastKnownFileType = image.png; path = 100.png; sourceTree = "<group>"; };
		1BBBB4E42124011E000F567A /* 100n.png */ = {isa = PBXFileReference; lastKnownFileType = image.png; path = 100n.png; sourceTree = "<group>"; };
		1BBBB4E52124011E000F567A /* 101.png */ = {isa = PBXFileReference; lastKnownFileType = image.png; path = 101.png; sourceTree = "<group>"; };
		1BBBB4E62124011E000F567A /* 102.png */ = {isa = PBXFileReference; lastKnownFileType = image.png; path = 102.png; sourceTree = "<group>"; };
		1BBBB4E72124011E000F567A /* 103.png */ = {isa = PBXFileReference; lastKnownFileType = image.png; path = 103.png; sourceTree = "<group>"; };
		1BBBB4E82124011E000F567A /* 103n.png */ = {isa = PBXFileReference; lastKnownFileType = image.png; path = 103n.png; sourceTree = "<group>"; };
		1BBBB4E92124011E000F567A /* 104.png */ = {isa = PBXFileReference; lastKnownFileType = image.png; path = 104.png; sourceTree = "<group>"; };
		1BBBB4EA2124011E000F567A /* 104n.png */ = {isa = PBXFileReference; lastKnownFileType = image.png; path = 104n.png; sourceTree = "<group>"; };
		1BBBB4EB2124011E000F567A /* 200.png */ = {isa = PBXFileReference; lastKnownFileType = image.png; path = 200.png; sourceTree = "<group>"; };
		1BBBB4EC2124011E000F567A /* 201.png */ = {isa = PBXFileReference; lastKnownFileType = image.png; path = 201.png; sourceTree = "<group>"; };
		1BBBB4ED2124011E000F567A /* 202.png */ = {isa = PBXFileReference; lastKnownFileType = image.png; path = 202.png; sourceTree = "<group>"; };
		1BBBB4EE2124011E000F567A /* 203.png */ = {isa = PBXFileReference; lastKnownFileType = image.png; path = 203.png; sourceTree = "<group>"; };
		1BBBB4EF2124011E000F567A /* 204.png */ = {isa = PBXFileReference; lastKnownFileType = image.png; path = 204.png; sourceTree = "<group>"; };
		1BBBB4F02124011E000F567A /* 205.png */ = {isa = PBXFileReference; lastKnownFileType = image.png; path = 205.png; sourceTree = "<group>"; };
		1BBBB4F12124011E000F567A /* 206.png */ = {isa = PBXFileReference; lastKnownFileType = image.png; path = 206.png; sourceTree = "<group>"; };
		1BBBB4F22124011E000F567A /* 207.png */ = {isa = PBXFileReference; lastKnownFileType = image.png; path = 207.png; sourceTree = "<group>"; };
		1BBBB4F32124011E000F567A /* 208.png */ = {isa = PBXFileReference; lastKnownFileType = image.png; path = 208.png; sourceTree = "<group>"; };
		1BBBB4F42124011E000F567A /* 209.png */ = {isa = PBXFileReference; lastKnownFileType = image.png; path = 209.png; sourceTree = "<group>"; };
		1BBBB4F52124011E000F567A /* 210.png */ = {isa = PBXFileReference; lastKnownFileType = image.png; path = 210.png; sourceTree = "<group>"; };
		1BBBB4F62124011E000F567A /* 211.png */ = {isa = PBXFileReference; lastKnownFileType = image.png; path = 211.png; sourceTree = "<group>"; };
		1BBBB4F72124011E000F567A /* 212.png */ = {isa = PBXFileReference; lastKnownFileType = image.png; path = 212.png; sourceTree = "<group>"; };
		1BBBB4F82124011E000F567A /* 213.png */ = {isa = PBXFileReference; lastKnownFileType = image.png; path = 213.png; sourceTree = "<group>"; };
		1BBBB4F92124011E000F567A /* 300.png */ = {isa = PBXFileReference; lastKnownFileType = image.png; path = 300.png; sourceTree = "<group>"; };
		1BBBB4FA2124011E000F567A /* 300n.png */ = {isa = PBXFileReference; lastKnownFileType = image.png; path = 300n.png; sourceTree = "<group>"; };
		1BBBB4FB2124011E000F567A /* 301.png */ = {isa = PBXFileReference; lastKnownFileType = image.png; path = 301.png; sourceTree = "<group>"; };
		1BBBB4FC2124011E000F567A /* 301n.png */ = {isa = PBXFileReference; lastKnownFileType = image.png; path = 301n.png; sourceTree = "<group>"; };
		1BBBB4FD2124011E000F567A /* 302.png */ = {isa = PBXFileReference; lastKnownFileType = image.png; path = 302.png; sourceTree = "<group>"; };
		1BBBB4FE2124011E000F567A /* 303.png */ = {isa = PBXFileReference; lastKnownFileType = image.png; path = 303.png; sourceTree = "<group>"; };
		1BBBB4FF2124011E000F567A /* 304.png */ = {isa = PBXFileReference; lastKnownFileType = image.png; path = 304.png; sourceTree = "<group>"; };
		1BBBB5002124011E000F567A /* 305.png */ = {isa = PBXFileReference; lastKnownFileType = image.png; path = 305.png; sourceTree = "<group>"; };
		1BBBB5012124011E000F567A /* 306.png */ = {isa = PBXFileReference; lastKnownFileType = image.png; path = 306.png; sourceTree = "<group>"; };
		1BBBB5022124011E000F567A /* 307.png */ = {isa = PBXFileReference; lastKnownFileType = image.png; path = 307.png; sourceTree = "<group>"; };
		1BBBB5032124011E000F567A /* 309.png */ = {isa = PBXFileReference; lastKnownFileType = image.png; path = 309.png; sourceTree = "<group>"; };
		1BBBB5042124011E000F567A /* 310.png */ = {isa = PBXFileReference; lastKnownFileType = image.png; path = 310.png; sourceTree = "<group>"; };
		1BBBB5052124011E000F567A /* 311.png */ = {isa = PBXFileReference; lastKnownFileType = image.png; path = 311.png; sourceTree = "<group>"; };
		1BBBB5062124011E000F567A /* 312.png */ = {isa = PBXFileReference; lastKnownFileType = image.png; path = 312.png; sourceTree = "<group>"; };
		1BBBB5072124011E000F567A /* 313.png */ = {isa = PBXFileReference; lastKnownFileType = image.png; path = 313.png; sourceTree = "<group>"; };
		1BBBB5082124011E000F567A /* 314.png */ = {isa = PBXFileReference; lastKnownFileType = image.png; path = 314.png; sourceTree = "<group>"; };
		1BBBB5092124011E000F567A /* 315.png */ = {isa = PBXFileReference; lastKnownFileType = image.png; path = 315.png; sourceTree = "<group>"; };
		1BBBB50A2124011E000F567A /* 316.png */ = {isa = PBXFileReference; lastKnownFileType = image.png; path = 316.png; sourceTree = "<group>"; };
		1BBBB50B2124011E000F567A /* 317.png */ = {isa = PBXFileReference; lastKnownFileType = image.png; path = 317.png; sourceTree = "<group>"; };
		1BBBB50C2124011E000F567A /* 318.png */ = {isa = PBXFileReference; lastKnownFileType = image.png; path = 318.png; sourceTree = "<group>"; };
		1BBBB50D2124011E000F567A /* 399.png */ = {isa = PBXFileReference; lastKnownFileType = image.png; path = 399.png; sourceTree = "<group>"; };
		1BBBB50E2124011E000F567A /* 400.png */ = {isa = PBXFileReference; lastKnownFileType = image.png; path = 400.png; sourceTree = "<group>"; };
		1BBBB50F2124011E000F567A /* 401.png */ = {isa = PBXFileReference; lastKnownFileType = image.png; path = 401.png; sourceTree = "<group>"; };
		1BBBB5102124011E000F567A /* 402.png */ = {isa = PBXFileReference; lastKnownFileType = image.png; path = 402.png; sourceTree = "<group>"; };
		1BBBB5112124011E000F567A /* 403.png */ = {isa = PBXFileReference; lastKnownFileType = image.png; path = 403.png; sourceTree = "<group>"; };
		1BBBB5122124011E000F567A /* 404.png */ = {isa = PBXFileReference; lastKnownFileType = image.png; path = 404.png; sourceTree = "<group>"; };
		1BBBB5132124011E000F567A /* 405.png */ = {isa = PBXFileReference; lastKnownFileType = image.png; path = 405.png; sourceTree = "<group>"; };
		1BBBB5142124011E000F567A /* 406.png */ = {isa = PBXFileReference; lastKnownFileType = image.png; path = 406.png; sourceTree = "<group>"; };
		1BBBB5152124011E000F567A /* 406n.png */ = {isa = PBXFileReference; lastKnownFileType = image.png; path = 406n.png; sourceTree = "<group>"; };
		1BBBB5162124011E000F567A /* 407.png */ = {isa = PBXFileReference; lastKnownFileType = image.png; path = 407.png; sourceTree = "<group>"; };
		1BBBB5172124011E000F567A /* 407n.png */ = {isa = PBXFileReference; lastKnownFileType = image.png; path = 407n.png; sourceTree = "<group>"; };
		1BBBB5182124011E000F567A /* 408.png */ = {isa = PBXFileReference; lastKnownFileType = image.png; path = 408.png; sourceTree = "<group>"; };
		1BBBB5192124011E000F567A /* 409.png */ = {isa = PBXFileReference; lastKnownFileType = image.png; path = 409.png; sourceTree = "<group>"; };
		1BBBB51A2124011E000F567A /* 410.png */ = {isa = PBXFileReference; lastKnownFileType = image.png; path = 410.png; sourceTree = "<group>"; };
		1BBBB51B2124011E000F567A /* 499.png */ = {isa = PBXFileReference; lastKnownFileType = image.png; path = 499.png; sourceTree = "<group>"; };
		1BBBB51C2124011E000F567A /* 500.png */ = {isa = PBXFileReference; lastKnownFileType = image.png; path = 500.png; sourceTree = "<group>"; };
		1BBBB51D2124011E000F567A /* 501.png */ = {isa = PBXFileReference; lastKnownFileType = image.png; path = 501.png; sourceTree = "<group>"; };
		1BBBB51E2124011E000F567A /* 502.png */ = {isa = PBXFileReference; lastKnownFileType = image.png; path = 502.png; sourceTree = "<group>"; };
		1BBBB51F2124011E000F567A /* 503.png */ = {isa = PBXFileReference; lastKnownFileType = image.png; path = 503.png; sourceTree = "<group>"; };
		1BBBB5202124011E000F567A /* 504.png */ = {isa = PBXFileReference; lastKnownFileType = image.png; path = 504.png; sourceTree = "<group>"; };
		1BBBB5212124011E000F567A /* 507.png */ = {isa = PBXFileReference; lastKnownFileType = image.png; path = 507.png; sourceTree = "<group>"; };
		1BBBB5222124011E000F567A /* 508.png */ = {isa = PBXFileReference; lastKnownFileType = image.png; path = 508.png; sourceTree = "<group>"; };
		1BBBB5232124011E000F567A /* 509.png */ = {isa = PBXFileReference; lastKnownFileType = image.png; path = 509.png; sourceTree = "<group>"; };
		1BBBB5242124011E000F567A /* 510.png */ = {isa = PBXFileReference; lastKnownFileType = image.png; path = 510.png; sourceTree = "<group>"; };
		1BBBB5252124011E000F567A /* 511.png */ = {isa = PBXFileReference; lastKnownFileType = image.png; path = 511.png; sourceTree = "<group>"; };
		1BBBB5262124011E000F567A /* 512.png */ = {isa = PBXFileReference; lastKnownFileType = image.png; path = 512.png; sourceTree = "<group>"; };
		1BBBB5272124011E000F567A /* 513.png */ = {isa = PBXFileReference; lastKnownFileType = image.png; path = 513.png; sourceTree = "<group>"; };
		1BBBB5282124011E000F567A /* 514.png */ = {isa = PBXFileReference; lastKnownFileType = image.png; path = 514.png; sourceTree = "<group>"; };
		1BBBB5292124011E000F567A /* 515.png */ = {isa = PBXFileReference; lastKnownFileType = image.png; path = 515.png; sourceTree = "<group>"; };
		1BBBB52A2124011E000F567A /* 900.png */ = {isa = PBXFileReference; lastKnownFileType = image.png; path = 900.png; sourceTree = "<group>"; };
		1BBBB52B2124011E000F567A /* 901.png */ = {isa = PBXFileReference; lastKnownFileType = image.png; path = 901.png; sourceTree = "<group>"; };
		1BBBB52C2124011E000F567A /* 999.png */ = {isa = PBXFileReference; lastKnownFileType = image.png; path = 999.png; sourceTree = "<group>"; };
		1BBBB52D2124011E000F567A /* 按钮.png */ = {isa = PBXFileReference; lastKnownFileType = image.png; path = "按钮.png"; sourceTree = "<group>"; };
		1BDCEB402122F03400589468 /* SearchViewController.h */ = {isa = PBXFileReference; lastKnownFileType = sourcecode.c.h; path = SearchViewController.h; sourceTree = "<group>"; };
		1BDCEB412122F03B00589468 /* SearchViewController.m */ = {isa = PBXFileReference; fileEncoding = 4; lastKnownFileType = sourcecode.c.objc; path = SearchViewController.m; sourceTree = "<group>"; };
		1BDCEB432122F04100589468 /* SearchTableViewCell.h */ = {isa = PBXFileReference; lastKnownFileType = sourcecode.c.h; path = SearchTableViewCell.h; sourceTree = "<group>"; };
		1BDCEB442122F04600589468 /* SearchTableViewCell.m */ = {isa = PBXFileReference; fileEncoding = 4; lastKnownFileType = sourcecode.c.objc; path = SearchTableViewCell.m; sourceTree = "<group>"; };
		1BDCEB472122F06400589468 /* FindViewController.h */ = {isa = PBXFileReference; lastKnownFileType = sourcecode.c.h; path = FindViewController.h; sourceTree = "<group>"; };
		1BDCEB482122F06B00589468 /* FindViewController.m */ = {isa = PBXFileReference; fileEncoding = 4; lastKnownFileType = sourcecode.c.objc; path = FindViewController.m; sourceTree = "<group>"; };
		1BDCEB542122F67000589468 /* WeatherView.h */ = {isa = PBXFileReference; lastKnownFileType = sourcecode.c.h; path = WeatherView.h; sourceTree = "<group>"; };
		1BDCEB552122F67000589468 /* WeatherView.m */ = {isa = PBXFileReference; lastKnownFileType = sourcecode.c.objc; path = WeatherView.m; sourceTree = "<group>"; };
/* End PBXFileReference section */

/* Begin PBXFrameworksBuildPhase section */
		1B4FB87621217CFF00CA8306 /* Frameworks */ = {
			isa = PBXFrameworksBuildPhase;
			buildActionMask = 2147483647;
			files = (
			);
			runOnlyForDeploymentPostprocessing = 0;
		};
/* End PBXFrameworksBuildPhase section */

/* Begin PBXGroup section */
		1B4FB87021217CFE00CA8306 = {
			isa = PBXGroup;
			children = (
				1BBBB4E12124011E000F567A /* weather图片 */,
				1B4FB87B21217CFF00CA8306 /* weather */,
				1B4FB87A21217CFF00CA8306 /* Products */,
			);
			sourceTree = "<group>";
		};
		1B4FB87A21217CFF00CA8306 /* Products */ = {
			isa = PBXGroup;
			children = (
				1B4FB87921217CFF00CA8306 /* weather.app */,
			);
			name = Products;
			sourceTree = "<group>";
		};
		1B4FB87B21217CFF00CA8306 /* weather */ = {
			isa = PBXGroup;
			children = (
				1B4FB87C21217CFF00CA8306 /* AppDelegate.h */,
				1B4FB87D21217CFF00CA8306 /* AppDelegate.m */,
				1BDCEB3F2122F01D00589468 /* 主页面 */,
				1BDCEB462122F04900589468 /* 展示搜索界面 */,
				1BDCEB4A2122F07400589468 /* 搜索 */,
				1B4FB88221217CFF00CA8306 /* Main.storyboard */,
				1B4FB88521217D0500CA8306 /* Assets.xcassets */,
				1B4FB88721217D0500CA8306 /* LaunchScreen.storyboard */,
				1B4FB88A21217D0500CA8306 /* Info.plist */,
				1B4FB88B21217D0500CA8306 /* main.m */,
			);
			path = weather;
			sourceTree = "<group>";
		};
		1BBBB4E12124011E000F567A /* weather图片 */ = {
			isa = PBXGroup;
			children = (
				1BBBB4E22124011E000F567A /* 1.png */,
				1BBBB4E32124011E000F567A /* 100.png */,
				1BBBB4E42124011E000F567A /* 100n.png */,
				1BBBB4E52124011E000F567A /* 101.png */,
				1BBBB4E62124011E000F567A /* 102.png */,
				1BBBB4E72124011E000F567A /* 103.png */,
				1BBBB4E82124011E000F567A /* 103n.png */,
				1BBBB4E92124011E000F567A /* 104.png */,
				1BBBB4EA2124011E000F567A /* 104n.png */,
				1BBBB4EB2124011E000F567A /* 200.png */,
				1BBBB4EC2124011E000F567A /* 201.png */,
				1BBBB4ED2124011E000F567A /* 202.png */,
				1BBBB4EE2124011E000F567A /* 203.png */,
				1BBBB4EF2124011E000F567A /* 204.png */,
				1BBBB4F02124011E000F567A /* 205.png */,
				1BBBB4F12124011E000F567A /* 206.png */,
				1BBBB4F22124011E000F567A /* 207.png */,
				1BBBB4F32124011E000F567A /* 208.png */,
				1BBBB4F42124011E000F567A /* 209.png */,
				1BBBB4F52124011E000F567A /* 210.png */,
				1BBBB4F62124011E000F567A /* 211.png */,
				1BBBB4F72124011E000F567A /* 212.png */,
				1BBBB4F82124011E000F567A /* 213.png */,
				1BBBB4F92124011E000F567A /* 300.png */,
				1BBBB4FA2124011E000F567A /* 300n.png */,
				1BBBB4FB2124011E000F567A /* 301.png */,
				1BBBB4FC2124011E000F567A /* 301n.png */,
				1BBBB4FD2124011E000F567A /* 302.png */,
				1BBBB4FE2124011E000F567A /* 303.png */,
				1BBBB4FF2124011E000F567A /* 304.png */,
				1BBBB5002124011E000F567A /* 305.png */,
				1BBBB5012124011E000F567A /* 306.png */,
				1BBBB5022124011E000F567A /* 307.png */,
				1BBBB5032124011E000F567A /* 309.png */,
				1BBBB5042124011E000F567A /* 310.png */,
				1BBBB5052124011E000F567A /* 311.png */,
				1BBBB5062124011E000F567A /* 312.png */,
				1BBBB5072124011E000F567A /* 313.png */,
				1BBBB5082124011E000F567A /* 314.png */,
				1BBBB5092124011E000F567A /* 315.png */,
				1BBBB50A2124011E000F567A /* 316.png */,
				1BBBB50B2124011E000F567A /* 317.png */,
				1BBBB50C2124011E000F567A /* 318.png */,
				1BBBB50D2124011E000F567A /* 399.png */,
				1BBBB50E2124011E000F567A /* 400.png */,
				1BBBB50F2124011E000F567A /* 401.png */,
				1BBBB5102124011E000F567A /* 402.png */,
				1BBBB5112124011E000F567A /* 403.png */,
				1BBBB5122124011E000F567A /* 404.png */,
				1BBBB5132124011E000F567A /* 405.png */,
				1BBBB5142124011E000F567A /* 406.png */,
				1BBBB5152124011E000F567A /* 406n.png */,
				1BBBB5162124011E000F567A /* 407.png */,
				1BBBB5172124011E000F567A /* 407n.png */,
				1BBBB5182124011E000F567A /* 408.png */,
				1BBBB5192124011E000F567A /* 409.png */,
				1BBBB51A2124011E000F567A /* 410.png */,
				1BBBB51B2124011E000F567A /* 499.png */,
				1BBBB51C2124011E000F567A /* 500.png */,
				1BBBB51D2124011E000F567A /* 501.png */,
				1BBBB51E2124011E000F567A /* 502.png */,
				1BBBB51F2124011E000F567A /* 503.png */,
				1BBBB5202124011E000F567A /* 504.png */,
				1BBBB5212124011E000F567A /* 507.png */,
				1BBBB5222124011E000F567A /* 508.png */,
				1BBBB5232124011E000F567A /* 509.png */,
				1BBBB5242124011E000F567A /* 510.png */,
				1BBBB5252124011E000F567A /* 511.png */,
				1BBBB5262124011E000F567A /* 512.png */,
				1BBBB5272124011E000F567A /* 513.png */,
				1BBBB5282124011E000F567A /* 514.png */,
				1BBBB5292124011E000F567A /* 515.png */,
				1BBBB52A2124011E000F567A /* 900.png */,
				1BBBB52B2124011E000F567A /* 901.png */,
				1BBBB52C2124011E000F567A /* 999.png */,
				1BBBB52D2124011E000F567A /* 按钮.png */,
			);
			path = "weather图片";
			sourceTree = "<group>";
		};
		1BDCEB3F2122F01D00589468 /* 主页面 */ = {
			isa = PBXGroup;
			children = (
				1B4FB87F21217CFF00CA8306 /* ViewController.h */,
				1B4FB88021217CFF00CA8306 /* ViewController.m */,
				1BDCEB542122F67000589468 /* WeatherView.h */,
				1BDCEB552122F67000589468 /* WeatherView.m */,
				1B4FB8992121A9A000CA8306 /* HeadViewTableViewCell.h */,
				1B4FB89A2121A9A000CA8306 /* HeadViewTableViewCell.m */,
				1B4FB8962121A44600CA8306 /* SevenWeatherTableViewCell.h */,
				1B4FB8972121A44600CA8306 /* SevenWeatherTableViewCell.m */,
				1B4FB89C2121B11A00CA8306 /* FootTableViewCell.h */,
				1B4FB89D2121B11A00CA8306 /* FootTableViewCell.m */,
			);
			path = "主页面";
			sourceTree = "<group>";
		};
		1BDCEB462122F04900589468 /* 展示搜索界面 */ = {
			isa = PBXGroup;
			children = (
				1BDCEB402122F03400589468 /* SearchViewController.h */,
				1BDCEB412122F03B00589468 /* SearchViewController.m */,
				1BDCEB432122F04100589468 /* SearchTableViewCell.h */,
				1BDCEB442122F04600589468 /* SearchTableViewCell.m */,
			);
			path = "展示搜索界面";
			sourceTree = "<group>";
		};
		1BDCEB4A2122F07400589468 /* 搜索 */ = {
			isa = PBXGroup;
			children = (
				1BDCEB472122F06400589468 /* FindViewController.h */,
				1BDCEB482122F06B00589468 /* FindViewController.m */,
			);
			path = "搜索";
			sourceTree = "<group>";
		};
/* End PBXGroup section */

/* Begin PBXNativeTarget section */
		1B4FB87821217CFF00CA8306 /* weather */ = {
			isa = PBXNativeTarget;
			buildConfigurationList = 1B4FB88F21217D0500CA8306 /* Build configuration list for PBXNativeTarget "weather" */;
			buildPhases = (
				1B4FB87521217CFF00CA8306 /* Sources */,
				1B4FB87621217CFF00CA8306 /* Frameworks */,
				1B4FB87721217CFF00CA8306 /* Resources */,
			);
			buildRules = (
			);
			dependencies = (
			);
			name = weather;
			productName = weather;
			productReference = 1B4FB87921217CFF00CA8306 /* weather.app */;
			productType = "com.apple.product-type.application";
		};
/* End PBXNativeTarget section */

/* Begin PBXProject section */
		1B4FB87121217CFE00CA8306 /* Project object */ = {
			isa = PBXProject;
			attributes = {
				LastUpgradeCheck = 0930;
				ORGANIZATIONNAME = "王一卓";
				TargetAttributes = {
					1B4FB87821217CFF00CA8306 = {
						CreatedOnToolsVersion = 9.3.1;
					};
				};
			};
			buildConfigurationList = 1B4FB87421217CFE00CA8306 /* Build configuration list for PBXProject "weather" */;
			compatibilityVersion = "Xcode 9.3";
			developmentRegion = en;
			hasScannedForEncodings = 0;
			knownRegions = (
				en,
				Base,
			);
			mainGroup = 1B4FB87021217CFE00CA8306;
			productRefGroup = 1B4FB87A21217CFF00CA8306 /* Products */;
			projectDirPath = "";
			projectRoot = "";
			targets = (
				1B4FB87821217CFF00CA8306 /* weather */,
			);
		};
/* End PBXProject section */

/* Begin PBXResourcesBuildPhase section */
		1B4FB87721217CFF00CA8306 /* Resources */ = {
			isa = PBXResourcesBuildPhase;
			buildActionMask = 2147483647;
			files = (
				1BBBB5602124011E000F567A /* 406.png in Resources */,
				1BBBB5682124011E000F567A /* 500.png in Resources */,
				1BBBB5552124011E000F567A /* 315.png in Resources */,
				1BBBB56D2124011E000F567A /* 507.png in Resources */,
				1BBBB54E2124011E000F567A /* 307.png in Resources */,
				1BBBB5392124011E000F567A /* 202.png in Resources */,
				1BBBB56F2124011E000F567A /* 509.png in Resources */,
				1BBBB5332124011E000F567A /* 103.png in Resources */,
				1BBBB5732124011E000F567A /* 513.png in Resources */,
				1BBBB5302124011E000F567A /* 100n.png in Resources */,
				1B4FB88921217D0500CA8306 /* LaunchScreen.storyboard in Resources */,
				1BBBB55E2124011E000F567A /* 404.png in Resources */,
				1BBBB54F2124011E000F567A /* 309.png in Resources */,
				1BBBB52F2124011E000F567A /* 100.png in Resources */,
				1BBBB5352124011E000F567A /* 104.png in Resources */,
				1BBBB5782124011E000F567A /* 999.png in Resources */,
				1BBBB5422124011E000F567A /* 211.png in Resources */,
				1BBBB5612124011E000F567A /* 406n.png in Resources */,
				1BBBB55F2124011E000F567A /* 405.png in Resources */,
				1BBBB54D2124011E000F567A /* 306.png in Resources */,
				1BBBB53D2124011E000F567A /* 206.png in Resources */,
				1BBBB5792124011E000F567A /* 按钮.png in Resources */,
				1BBBB56A2124011E000F567A /* 502.png in Resources */,
				1BBBB55C2124011E000F567A /* 402.png in Resources */,
				1BBBB54C2124011E000F567A /* 305.png in Resources */,
				1BBBB5772124011E000F567A /* 901.png in Resources */,
				1BBBB5512124011E000F567A /* 311.png in Resources */,
				1BBBB52E2124011E000F567A /* 1.png in Resources */,
				1BBBB55B2124011E000F567A /* 401.png in Resources */,
				1BBBB5672124011E000F567A /* 499.png in Resources */,
				1BBBB53B2124011E000F567A /* 204.png in Resources */,
				1BBBB53F2124011E000F567A /* 208.png in Resources */,
				1BBBB5702124011E000F567A /* 510.png in Resources */,
				1BBBB5362124011E000F567A /* 104n.png in Resources */,
				1BBBB5462124011E000F567A /* 300n.png in Resources */,
				1BBBB5542124011E000F567A /* 314.png in Resources */,
				1BBBB5652124011E000F567A /* 409.png in Resources */,
				1BBBB5742124011E000F567A /* 514.png in Resources */,
				1BBBB5662124011E000F567A /* 410.png in Resources */,
				1BBBB5642124011E000F567A /* 408.png in Resources */,
				1BBBB5472124011E000F567A /* 301.png in Resources */,
				1BBBB56C2124011E000F567A /* 504.png in Resources */,
				1BBBB5502124011E000F567A /* 310.png in Resources */,
				1BBBB5412124011E000F567A /* 210.png in Resources */,
				1BBBB53C2124011E000F567A /* 205.png in Resources */,
				1BBBB5572124011E000F567A /* 317.png in Resources */,
				1BBBB54A2124011E000F567A /* 303.png in Resources */,
				1BBBB5722124011E000F567A /* 512.png in Resources */,
				1BBBB5372124011E000F567A /* 200.png in Resources */,
				1BBBB5522124011E000F567A /* 312.png in Resources */,
				1BBBB5452124011E000F567A /* 300.png in Resources */,
				1BBBB5752124011E000F567A /* 515.png in Resources */,
				1BBBB5532124011E000F567A /* 313.png in Resources */,
				1BBBB55A2124011E000F567A /* 400.png in Resources */,
				1BBBB5762124011E000F567A /* 900.png in Resources */,
				1BBBB5622124011E000F567A /* 407.png in Resources */,
				1BBBB5582124011E000F567A /* 318.png in Resources */,
				1BBBB5402124011E000F567A /* 209.png in Resources */,
				1B4FB88621217D0500CA8306 /* Assets.xcassets in Resources */,
				1BBBB56B2124011E000F567A /* 503.png in Resources */,
				1BBBB5382124011E000F567A /* 201.png in Resources */,
				1BBBB56E2124011E000F567A /* 508.png in Resources */,
				1BBBB5322124011E000F567A /* 102.png in Resources */,
				1BBBB53E2124011E000F567A /* 207.png in Resources */,
				1BBBB55D2124011E000F567A /* 403.png in Resources */,
				1BBBB54B2124011E000F567A /* 304.png in Resources */,
				1BBBB5442124011E000F567A /* 213.png in Resources */,
				1BBBB5562124011E000F567A /* 316.png in Resources */,
				1BBBB5632124011E000F567A /* 407n.png in Resources */,
				1BBBB5342124011E000F567A /* 103n.png in Resources */,
				1BBBB5712124011E000F567A /* 511.png in Resources */,
				1B4FB88421217CFF00CA8306 /* Main.storyboard in Resources */,
				1BBBB5592124011E000F567A /* 399.png in Resources */,
				1BBBB5312124011E000F567A /* 101.png in Resources */,
				1BBBB5482124011E000F567A /* 301n.png in Resources */,
				1BBBB5492124011E000F567A /* 302.png in Resources */,
				1BBBB5692124011E000F567A /* 501.png in Resources */,
				1BBBB5432124011E000F567A /* 212.png in Resources */,
				1BBBB53A2124011E000F567A /* 203.png in Resources */,
			);
			runOnlyForDeploymentPostprocessing = 0;
		};
/* End PBXResourcesBuildPhase section */

/* Begin PBXSourcesBuildPhase section */
		1B4FB87521217CFF00CA8306 /* Sources */ = {
			isa = PBXSourcesBuildPhase;
			buildActionMask = 2147483647;
			files = (
				1BDCEB492122F06B00589468 /* FindViewController.m in Sources */,
				1B4FB89B2121A9A000CA8306 /* HeadViewTableViewCell.m in Sources */,
				1BDCEB452122F04600589468 /* SearchTableViewCell.m in Sources */,
				1BDCEB562122F67000589468 /* WeatherView.m in Sources */,
				1B4FB89E2121B11A00CA8306 /* FootTableViewCell.m in Sources */,
				1B4FB88121217CFF00CA8306 /* ViewController.m in Sources */,
				1B4FB88C21217D0500CA8306 /* main.m in Sources */,
				1B4FB8982121A44600CA8306 /* SevenWeatherTableViewCell.m in Sources */,
				1B4FB87E21217CFF00CA8306 /* AppDelegate.m in Sources */,
				1BDCEB422122F03B00589468 /* SearchViewController.m in Sources */,
			);
			runOnlyForDeploymentPostprocessing = 0;
		};
/* End PBXSourcesBuildPhase section */

/* Begin PBXVariantGroup section */
		1B4FB88221217CFF00CA8306 /* Main.storyboard */ = {
			isa = PBXVariantGroup;
			children = (
				1B4FB88321217CFF00CA8306 /* Base */,
			);
			name = Main.storyboard;
			sourceTree = "<group>";
		};
		1B4FB88721217D0500CA8306 /* LaunchScreen.storyboard */ = {
			isa = PBXVariantGroup;
			children = (
				1B4FB88821217D0500CA8306 /* Base */,
			);
			name = LaunchScreen.storyboard;
			sourceTree = "<group>";
		};
/* End PBXVariantGroup section */

/* Begin XCBuildConfiguration section */
		1B4FB88D21217D0500CA8306 /* Debug */ = {
			isa = XCBuildConfiguration;
			buildSettings = {
				ALWAYS_SEARCH_USER_PATHS = NO;
				CLANG_ANALYZER_NONNULL = YES;
				CLANG_ANALYZER_NUMBER_OBJECT_CONVERSION = YES_AGGRESSIVE;
				CLANG_CXX_LANGUAGE_STANDARD = "gnu++14";
				CLANG_CXX_LIBRARY = "libc++";
				CLANG_ENABLE_MODULES = YES;
				CLANG_ENABLE_OBJC_ARC = YES;
				CLANG_ENABLE_OBJC_WEAK = YES;
				CLANG_WARN_BLOCK_CAPTURE_AUTORELEASING = YES;
				CLANG_WARN_BOOL_CONVERSION = YES;
				CLANG_WARN_COMMA = YES;
				CLANG_WARN_CONSTANT_CONVERSION = YES;
				CLANG_WARN_DEPRECATED_OBJC_IMPLEMENTATIONS = YES;
				CLANG_WARN_DIRECT_OBJC_ISA_USAGE = YES_ERROR;
				CLANG_WARN_DOCUMENTATION_COMMENTS = YES;
				CLANG_WARN_EMPTY_BODY = YES;
				CLANG_WARN_ENUM_CONVERSION = YES;
				CLANG_WARN_INFINITE_RECURSION = YES;
				CLANG_WARN_INT_CONVERSION = YES;
				CLANG_WARN_NON_LITERAL_NULL_CONVERSION = YES;
				CLANG_WARN_OBJC_IMPLICIT_RETAIN_SELF = YES;
				CLANG_WARN_OBJC_LITERAL_CONVERSION = YES;
				CLANG_WARN_OBJC_ROOT_CLASS = YES_ERROR;
				CLANG_WARN_RANGE_LOOP_ANALYSIS = YES;
				CLANG_WARN_STRICT_PROTOTYPES = YES;
				CLANG_WARN_SUSPICIOUS_MOVE = YES;
				CLANG_WARN_UNGUARDED_AVAILABILITY = YES_AGGRESSIVE;
				CLANG_WARN_UNREACHABLE_CODE = YES;
				CLANG_WARN__DUPLICATE_METHOD_MATCH = YES;
				CODE_SIGN_IDENTITY = "iPhone Developer";
				COPY_PHASE_STRIP = NO;
				DEBUG_INFORMATION_FORMAT = dwarf;
				ENABLE_STRICT_OBJC_MSGSEND = YES;
				ENABLE_TESTABILITY = YES;
				GCC_C_LANGUAGE_STANDARD = gnu11;
				GCC_DYNAMIC_NO_PIC = NO;
				GCC_NO_COMMON_BLOCKS = YES;
				GCC_OPTIMIZATION_LEVEL = 0;
				GCC_PREPROCESSOR_DEFINITIONS = (
					"DEBUG=1",
					"$(inherited)",
				);
				GCC_WARN_64_TO_32_BIT_CONVERSION = YES;
				GCC_WARN_ABOUT_RETURN_TYPE = YES_ERROR;
				GCC_WARN_UNDECLARED_SELECTOR = YES;
				GCC_WARN_UNINITIALIZED_AUTOS = YES_AGGRESSIVE;
				GCC_WARN_UNUSED_FUNCTION = YES;
				GCC_WARN_UNUSED_VARIABLE = YES;
				IPHONEOS_DEPLOYMENT_TARGET = 11.3;
				MTL_ENABLE_DEBUG_INFO = YES;
				ONLY_ACTIVE_ARCH = YES;
				SDKROOT = iphoneos;
			};
			name = Debug;
		};
		1B4FB88E21217D0500CA8306 /* Release */ = {
			isa = XCBuildConfiguration;
			buildSettings = {
				ALWAYS_SEARCH_USER_PATHS = NO;
				CLANG_ANALYZER_NONNULL = YES;
				CLANG_ANALYZER_NUMBER_OBJECT_CONVERSION = YES_AGGRESSIVE;
				CLANG_CXX_LANGUAGE_STANDARD = "gnu++14";
				CLANG_CXX_LIBRARY = "libc++";
				CLANG_ENABLE_MODULES = YES;
				CLANG_ENABLE_OBJC_ARC = YES;
				CLANG_ENABLE_OBJC_WEAK = YES;
				CLANG_WARN_BLOCK_CAPTURE_AUTORELEASING = YES;
				CLANG_WARN_BOOL_CONVERSION = YES;
				CLANG_WARN_COMMA = YES;
				CLANG_WARN_CONSTANT_CONVERSION = YES;
				CLANG_WARN_DEPRECATED_OBJC_IMPLEMENTATIONS = YES;
				CLANG_WARN_DIRECT_OBJC_ISA_USAGE = YES_ERROR;
				CLANG_WARN_DOCUMENTATION_COMMENTS = YES;
				CLANG_WARN_EMPTY_BODY = YES;
				CLANG_WARN_ENUM_CONVERSION = YES;
				CLANG_WARN_INFINITE_RECURSION = YES;
				CLANG_WARN_INT_CONVERSION = YES;
				CLANG_WARN_NON_LITERAL_NULL_CONVERSION = YES;
				CLANG_WARN_OBJC_IMPLICIT_RETAIN_SELF = YES;
				CLANG_WARN_OBJC_LITERAL_CONVERSION = YES;
				CLANG_WARN_OBJC_ROOT_CLASS = YES_ERROR;
				CLANG_WARN_RANGE_LOOP_ANALYSIS = YES;
				CLANG_WARN_STRICT_PROTOTYPES = YES;
				CLANG_WARN_SUSPICIOUS_MOVE = YES;
				CLANG_WARN_UNGUARDED_AVAILABILITY = YES_AGGRESSIVE;
				CLANG_WARN_UNREACHABLE_CODE = YES;
				CLANG_WARN__DUPLICATE_METHOD_MATCH = YES;
				CODE_SIGN_IDENTITY = "iPhone Developer";
				COPY_PHASE_STRIP = NO;
				DEBUG_INFORMATION_FORMAT = "dwarf-with-dsym";
				ENABLE_NS_ASSERTIONS = NO;
				ENABLE_STRICT_OBJC_MSGSEND = YES;
				GCC_C_LANGUAGE_STANDARD = gnu11;
				GCC_NO_COMMON_BLOCKS = YES;
				GCC_WARN_64_TO_32_BIT_CONVERSION = YES;
				GCC_WARN_ABOUT_RETURN_TYPE = YES_ERROR;
				GCC_WARN_UNDECLARED_SELECTOR = YES;
				GCC_WARN_UNINITIALIZED_AUTOS = YES_AGGRESSIVE;
				GCC_WARN_UNUSED_FUNCTION = YES;
				GCC_WARN_UNUSED_VARIABLE = YES;
				IPHONEOS_DEPLOYMENT_TARGET = 11.3;
				MTL_ENABLE_DEBUG_INFO = NO;
				SDKROOT = iphoneos;
				VALIDATE_PRODUCT = YES;
			};
			name = Release;
		};
		1B4FB89021217D0500CA8306 /* Debug */ = {
			isa = XCBuildConfiguration;
			buildSettings = {
				ASSETCATALOG_COMPILER_APPICON_NAME = AppIcon;
				CODE_SIGN_STYLE = Automatic;
				INFOPLIST_FILE = weather/Info.plist;
				LD_RUNPATH_SEARCH_PATHS = (
					"$(inherited)",
					"@executable_path/Frameworks",
				);
				PRODUCT_BUNDLE_IDENTIFIER = "---.weather";
				PRODUCT_NAME = "$(TARGET_NAME)";
				TARGETED_DEVICE_FAMILY = "1,2";
			};
			name = Debug;
		};
		1B4FB89121217D0500CA8306 /* Release */ = {
			isa = XCBuildConfiguration;
			buildSettings = {
				ASSETCATALOG_COMPILER_APPICON_NAME = AppIcon;
				CODE_SIGN_STYLE = Automatic;
				INFOPLIST_FILE = weather/Info.plist;
				LD_RUNPATH_SEARCH_PATHS = (
					"$(inherited)",
					"@executable_path/Frameworks",
				);
				PRODUCT_BUNDLE_IDENTIFIER = "---.weather";
				PRODUCT_NAME = "$(TARGET_NAME)";
				TARGETED_DEVICE_FAMILY = "1,2";
			};
			name = Release;
		};
/* End XCBuildConfiguration section */

/* Begin XCConfigurationList section */
		1B4FB87421217CFE00CA8306 /* Build configuration list for PBXProject "weather" */ = {
			isa = XCConfigurationList;
			buildConfigurations = (
				1B4FB88D21217D0500CA8306 /* Debug */,
				1B4FB88E21217D0500CA8306 /* Release */,
			);
			defaultConfigurationIsVisible = 0;
			defaultConfigurationName = Release;
		};
		1B4FB88F21217D0500CA8306 /* Build configuration list for PBXNativeTarget "weather" */ = {
			isa = XCConfigurationList;
			buildConfigurations = (
				1B4FB89021217D0500CA8306 /* Debug */,
				1B4FB89121217D0500CA8306 /* Release */,
			);
			defaultConfigurationIsVisible = 0;
			defaultConfigurationName = Release;
		};
/* End XCConfigurationList section */
	};
	rootObject = 1B4FB87121217CFE00CA8306 /* Project object */;
}
